{
  "name": "srt-time-updater",
  "version": "1.0.0",
  "lockfileVersion": 1,
  "requires": true,
  "dependencies": {
    "subtitle": {
      "version": "2.0.0",
      "resolved": "https://registry.npmjs.org/subtitle/-/subtitle-2.0.0.tgz",
      "integrity": "sha512-jVSE+A2btwD5Cft2fVp7b9AZPVmT42AbkrBAnuI9Gjd7MwWqHB1v3eavymYjbWzXJKHgwo1WIM5XImeWBghbrQ==",
      "requires": {
        "zero-fill": "^2.2.3"
      }
    },
    "subtitles-parser": {
      "version": "0.0.2",
      "resolved": "https://registry.npmjs.org/subtitles-parser/-/subtitles-parser-0.0.2.tgz",
      "integrity": "sha1-zy/MPjl7HH+DHhNl9rPON9MVUZQ="
    },
    "zero-fill": {
      "version": "2.2.3",
      "resolved": "https://registry.npmjs.org/zero-fill/-/zero-fill-2.2.3.tgz",
      "integrity": "sha1-o97wa6XjmuZEhQu0yirUEStIVek="
    }
  }
}
